PODS:
  - Flutter (1.0.0)
  - home_widget (0.0.1):
    - Flutter
  - path_provider_foundation (0.0.1):
    - Flutter
    - FlutterMacOS
  - shared_preference_app_group (1.0.0):
    - Flutter
  - shared_preferences_foundation (0.0.1):
    - Flutter
    - FlutterMacOS
  - widget_kit_plugin (0.0.1):
    - Flutter

DEPENDENCIES:
  - Flutter (from `Flutter`)
  - home_widget (from `.symlinks/plugins/home_widget/ios`)
  - path_provider_foundation (from `.symlinks/plugins/path_provider_foundation/darwin`)
  - shared_preference_app_group (from `.symlinks/plugins/shared_preference_app_group/ios`)
  - shared_preferences_foundation (from `.symlinks/plugins/shared_preferences_foundation/darwin`)
  - widget_kit_plugin (from `.symlinks/plugins/widget_kit_plugin/ios`)

EXTERNAL SOURCES:
  Flutter:
    :path: Flutter
  home_widget:
    :path: ".symlinks/plugins/home_widget/ios"
  path_provider_foundation:
    :path: ".symlinks/plugins/path_provider_foundation/darwin"
  shared_preference_app_group:
    :path: ".symlinks/plugins/shared_preference_app_group/ios"
  shared_preferences_foundation:
    :path: ".symlinks/plugins/shared_preferences_foundation/darwin"
  widget_kit_plugin:
    :path: ".symlinks/plugins/widget_kit_plugin/ios"

SPEC CHECKSUMS:
  Flutter: e0871f40cf51350855a761d2e70bf5af5b9b5de7
  home_widget: 0434835a4c9a75704264feff6be17ea40e0f0d57
  path_provider_foundation: 2b6b4c569c0fb62ec74538f866245ac84301af46
  shared_preference_app_group: 46aee3873e1da581d4904bece9876596d7f66725
  shared_preferences_foundation: fcdcbc04712aee1108ac7fda236f363274528f78
  widget_kit_plugin: a245a5248f0cd2bde580285ebe6bee5c6f1f6ce1

PODFILE CHECKSUM: 819463e6a0290f5a72f145ba7cde16e8b6ef0796

COCOAPODS: 1.15.2
